
Microsoft Visual Studio Solution File, Format Version 12.00
# Visual Studio Version 16
VisualStudioVersion = 16.0.28803.202
MinimumVisualStudioVersion = 10.0.40219.1
Project("{9A19103F-16F7-4668-BE54-9A1E7A4F7556}") = "Books.API", "Books.Api\Books.API.csproj", "{E22E4667-1470-4800-99EA-B97ED6773181}"
EndProject
Project("{9A19103F-16F7-4668-BE54-9A1E7A4F7556}") = "BookCovers.API", "BookCovers.API\BookCovers.API.csproj", "{21FF64B2-5EA0-4019-B6E9-30F857106F1D}"
EndProject
Project("{9A19103F-16F7-4668-BE54-9A1E7A4F7556}") = "Books.Entities", "Books.Entities\Books.Entities.csproj", "{69D098F2-17B2-4152-A3BA-AFA568A6FED9}"
EndProject
Project("{2150E333-8FDC-42A3-9474-1A3956D46DE8}") = "Books", "Books", "{03ECB561-4124-4ADB-8930-C4F0B667CA2A}"
EndProject
Project("{FAE04EC0-301F-11D3-BF4B-00C04F79EFBC}") = "Books.Data", "Books.Data\Books.Data.csproj", "{46C191EB-AB3D-479A-BE24-28BFF9EEBFCC}"
EndProject
Project("{FAE04EC0-301F-11D3-BF4B-00C04F79EFBC}") = "Books.Common", "Books.Common\Books.Common.csproj", "{CF05FE77-F5DC-4A27-82A5-3AB964973150}"
EndProject
Global
	GlobalSection(SolutionConfigurationPlatforms) = preSolution
		Debug|Any CPU = Debug|Any CPU
		Release|Any CPU = Release|Any CPU
	EndGlobalSection
	GlobalSection(ProjectConfigurationPlatforms) = postSolution
		{E22E4667-1470-4800-99EA-B97ED6773181}.Debug|Any CPU.ActiveCfg = Debug|Any CPU
		{E22E4667-1470-4800-99EA-B97ED6773181}.Debug|Any CPU.Build.0 = Debug|Any CPU
		{E22E4667-1470-4800-99EA-B97ED6773181}.Release|Any CPU.ActiveCfg = Release|Any CPU
		{E22E4667-1470-4800-99EA-B97ED6773181}.Release|Any CPU.Build.0 = Release|Any CPU
		{21FF64B2-5EA0-4019-B6E9-30F857106F1D}.Debug|Any CPU.ActiveCfg = Debug|Any CPU
		{21FF64B2-5EA0-4019-B6E9-30F857106F1D}.Debug|Any CPU.Build.0 = Debug|Any CPU
		{21FF64B2-5EA0-4019-B6E9-30F857106F1D}.Release|Any CPU.ActiveCfg = Release|Any CPU
		{21FF64B2-5EA0-4019-B6E9-30F857106F1D}.Release|Any CPU.Build.0 = Release|Any CPU
		{69D098F2-17B2-4152-A3BA-AFA568A6FED9}.Debug|Any CPU.ActiveCfg = Debug|Any CPU
		{69D098F2-17B2-4152-A3BA-AFA568A6FED9}.Debug|Any CPU.Build.0 = Debug|Any CPU
		{69D098F2-17B2-4152-A3BA-AFA568A6FED9}.Release|Any CPU.ActiveCfg = Release|Any CPU
		{69D098F2-17B2-4152-A3BA-AFA568A6FED9}.Release|Any CPU.Build.0 = Release|Any CPU
		{46C191EB-AB3D-479A-BE24-28BFF9EEBFCC}.Debug|Any CPU.ActiveCfg = Debug|Any CPU
		{46C191EB-AB3D-479A-BE24-28BFF9EEBFCC}.Debug|Any CPU.Build.0 = Debug|Any CPU
		{46C191EB-AB3D-479A-BE24-28BFF9EEBFCC}.Release|Any CPU.ActiveCfg = Release|Any CPU
		{46C191EB-AB3D-479A-BE24-28BFF9EEBFCC}.Release|Any CPU.Build.0 = Release|Any CPU
		{CF05FE77-F5DC-4A27-82A5-3AB964973150}.Debug|Any CPU.ActiveCfg = Debug|Any CPU
		{CF05FE77-F5DC-4A27-82A5-3AB964973150}.Debug|Any CPU.Build.0 = Debug|Any CPU
		{CF05FE77-F5DC-4A27-82A5-3AB964973150}.Release|Any CPU.ActiveCfg = Release|Any CPU
		{CF05FE77-F5DC-4A27-82A5-3AB964973150}.Release|Any CPU.Build.0 = Release|Any CPU
	EndGlobalSection
	GlobalSection(SolutionProperties) = preSolution
		HideSolutionNode = FALSE
	EndGlobalSection
	GlobalSection(NestedProjects) = preSolution
		{E22E4667-1470-4800-99EA-B97ED6773181} = {03ECB561-4124-4ADB-8930-C4F0B667CA2A}
		{69D098F2-17B2-4152-A3BA-AFA568A6FED9} = {03ECB561-4124-4ADB-8930-C4F0B667CA2A}
		{46C191EB-AB3D-479A-BE24-28BFF9EEBFCC} = {03ECB561-4124-4ADB-8930-C4F0B667CA2A}
		{CF05FE77-F5DC-4A27-82A5-3AB964973150} = {03ECB561-4124-4ADB-8930-C4F0B667CA2A}
	EndGlobalSection
	GlobalSection(ExtensibilityGlobals) = postSolution
		SolutionGuid = {10D3AE08-3472-4827-9566-4C6A2803E4A8}
	EndGlobalSection
EndGlobal
